
Microsoft Visual Studio Solution File, Format Version 12.00
# Visual Studio 15
VisualStudioVersion = 15.0.26730.12
MinimumVisualStudioVersion = 10.0.40219.1
Project("{FAE04EC0-301F-11D3-BF4B-00C04F79EFBC}") = "Snake_by_Gustaf", "Snake_by_Gustaf\Snake_by_Gustaf.csproj", "{281B2FBD-6EBE-4119-BCA8-2601DB20284C}"
EndProject
Global
	GlobalSection(SolutionConfigurationPlatforms) = preSolution
		Debug|Any CPU = Debug|Any CPU
		Release|Any CPU = Release|Any CPU
	EndGlobalSection
	GlobalSection(ProjectConfigurationPlatforms) = postSolution
		{281B2FBD-6EBE-4119-BCA8-2601DB20284C}.Debug|Any CPU.ActiveCfg = Debug|Any CPU
		{281B2FBD-6EBE-4119-BCA8-2601DB20284C}.Debug|Any CPU.Build.0 = Debug|Any CPU
		{281B2FBD-6EBE-4119-BCA8-2601DB20284C}.Release|Any CPU.ActiveCfg = Release|Any CPU
		{281B2FBD-6EBE-4119-BCA8-2601DB20284C}.Release|Any CPU.Build.0 = Release|Any CPU
	EndGlobalSection
	GlobalSection(SolutionProperties) = preSolution
		HideSolutionNode = FALSE
	EndGlobalSection
	GlobalSection(ExtensibilityGlobals) = postSolution
		SolutionGuid = {3E641C76-5A29-4DB7-8773-CED4163C63DF}
	EndGlobalSection
EndGlobal
